
Microsoft Visual Studio Solution File, Format Version 12.00
# Visual Studio Version 16
VisualStudioVersion = 16.0.30804.86
MinimumVisualStudioVersion = 10.0.40219.1
Project("{9A19103F-16F7-4668-BE54-9A1E7A4F7556}") = "LoginPageProject", "LoginPageProject\LoginPageProject.csproj", "{23AD2B03-4443-4BC6-B1E5-CD26FB36B939}"
EndProject
Project("{9A19103F-16F7-4668-BE54-9A1E7A4F7556}") = "LoginPageProject.Data", "LoginPageProject.Data\LoginPageProject.Data.csproj", "{9F5044BE-7414-43F5-98D1-7BD2FB08F180}"
EndProject
Project("{FAE04EC0-301F-11D3-BF4B-00C04F79EFBC}") = "LoginPageProject.Business", "LoginPageProject.Business\LoginPageProject.Business.csproj", "{D2AE95EF-1D6F-4E50-9B64-EF196A9C6645}"
EndProject
Global
	GlobalSection(SolutionConfigurationPlatforms) = preSolution
		Debug|Any CPU = Debug|Any CPU
		Release|Any CPU = Release|Any CPU
	EndGlobalSection
	GlobalSection(ProjectConfigurationPlatforms) = postSolution
		{23AD2B03-4443-4BC6-B1E5-CD26FB36B939}.Debug|Any CPU.ActiveCfg = Debug|Any CPU
		{23AD2B03-4443-4BC6-B1E5-CD26FB36B939}.Debug|Any CPU.Build.0 = Debug|Any CPU
		{23AD2B03-4443-4BC6-B1E5-CD26FB36B939}.Release|Any CPU.ActiveCfg = Release|Any CPU
		{23AD2B03-4443-4BC6-B1E5-CD26FB36B939}.Release|Any CPU.Build.0 = Release|Any CPU
		{9F5044BE-7414-43F5-98D1-7BD2FB08F180}.Debug|Any CPU.ActiveCfg = Debug|Any CPU
		{9F5044BE-7414-43F5-98D1-7BD2FB08F180}.Debug|Any CPU.Build.0 = Debug|Any CPU
		{9F5044BE-7414-43F5-98D1-7BD2FB08F180}.Release|Any CPU.ActiveCfg = Release|Any CPU
		{9F5044BE-7414-43F5-98D1-7BD2FB08F180}.Release|Any CPU.Build.0 = Release|Any CPU
		{D2AE95EF-1D6F-4E50-9B64-EF196A9C6645}.Debug|Any CPU.ActiveCfg = Debug|Any CPU
		{D2AE95EF-1D6F-4E50-9B64-EF196A9C6645}.Debug|Any CPU.Build.0 = Debug|Any CPU
		{D2AE95EF-1D6F-4E50-9B64-EF196A9C6645}.Release|Any CPU.ActiveCfg = Release|Any CPU
		{D2AE95EF-1D6F-4E50-9B64-EF196A9C6645}.Release|Any CPU.Build.0 = Release|Any CPU
	EndGlobalSection
	GlobalSection(SolutionProperties) = preSolution
		HideSolutionNode = FALSE
	EndGlobalSection
	GlobalSection(ExtensibilityGlobals) = postSolution
		SolutionGuid = {EF02ED75-11B1-42CD-807F-9EC9A9D10833}
	EndGlobalSection
EndGlobal
